
Microsoft Visual Studio Solution File, Format Version 12.00
# Visual Studio Version 17
VisualStudioVersion = 17.0.31903.59
MinimumVisualStudioVersion = 10.0.40219.1
Project("{FAE04EC0-301F-11D3-BF4B-00C04F79EFBC}") = "MLoop.Core", "src\MLoop.Core\MLoop.Core.csproj", "{8A83F7B7-0C2B-4628-BEC6-2D58A05209A4}"
EndProject
Project("{FAE04EC0-301F-11D3-BF4B-00C04F79EFBC}") = "MLoop.CLI", "src\MLoop.CLI\MLoop.CLI.csproj", "{7DDCB086-C853-493D-B264-793218F80E35}"
EndProject
Project("{FAE04EC0-301F-11D3-BF4B-00C04F79EFBC}") = "MLoop.API", "src\MLoop.API\MLoop.API.csproj", "{D99FD8B6-D3FC-4E98-9601-A4DA6EC65926}"
EndProject
Project("{FAE04EC0-301F-11D3-BF4B-00C04F79EFBC}") = "MLoop.Extensibility", "src\MLoop.Extensibility\MLoop.Extensibility.csproj", "{01D04F22-4FCD-46D2-A3CE-651C1718CEC8}"
EndProject
Project("{FAE04EC0-301F-11D3-BF4B-00C04F79EFBC}") = "MLoop.AIAgent", "src\MLoop.AIAgent\MLoop.AIAgent.csproj", "{D60A9574-4C37-4651-BED2-C9D1819399CA}"
EndProject
Project("{FAE04EC0-301F-11D3-BF4B-00C04F79EFBC}") = "MLoop.Tests", "tests\MLoop.Tests\MLoop.Tests.csproj", "{4F3C79AD-F8E9-48A8-B35C-6767CB57E537}"
EndProject
Project("{FAE04EC0-301F-11D3-BF4B-00C04F79EFBC}") = "MLoop.Core.Tests", "tests\MLoop.Core.Tests\MLoop.Core.Tests.csproj", "{04096BD6-CC2C-4DBF-81AE-A9D68FB16ABB}"
EndProject
Project("{FAE04EC0-301F-11D3-BF4B-00C04F79EFBC}") = "MLoop.API.Tests", "tests\MLoop.API.Tests\MLoop.API.Tests.csproj", "{0BD67327-1F09-45A2-B523-AF6941A82DC3}"
EndProject
Project("{FAE04EC0-301F-11D3-BF4B-00C04F79EFBC}") = "MLoop.Pipeline.Tests", "tests\MLoop.Pipeline.Tests\MLoop.Pipeline.Tests.csproj", "{23E8E757-F4A2-4720-A740-EF536960A158}"
EndProject
Project("{2150E333-8FDC-42A3-9474-1A3956D46DE8}") = "tests", "tests", "{0AB3BF05-4346-4AA6-1389-037BE0695223}"
EndProject
Project("{FAE04EC0-301F-11D3-BF4B-00C04F79EFBC}") = "MLoop.Tests.Common", "tests\MLoop.Tests.Common\MLoop.Tests.Common.csproj", "{B794A534-E8AB-4702-AB07-134E0B288E2D}"
EndProject
Project("{FAE04EC0-301F-11D3-BF4B-00C04F79EFBC}") = "MLoop.AIAgent.Tests", "tests\MLoop.AIAgent.Tests\MLoop.AIAgent.Tests.csproj", "{0A4D1125-7E9A-46DC-9EE8-D1B1A90ED1EC}"
EndProject
Project("{2150E333-8FDC-42A3-9474-1A3956D46DE8}") = "src", "src", "{827E0CD3-B72D-47B6-A68D-7590B98EB39B}"
EndProject
Global
	GlobalSection(SolutionConfigurationPlatforms) = preSolution
		Debug|Any CPU = Debug|Any CPU
		Debug|x64 = Debug|x64
		Debug|x86 = Debug|x86
		Release|Any CPU = Release|Any CPU
		Release|x64 = Release|x64
		Release|x86 = Release|x86
	EndGlobalSection
	GlobalSection(ProjectConfigurationPlatforms) = postSolution
		{8A83F7B7-0C2B-4628-BEC6-2D58A05209A4}.Debug|Any CPU.ActiveCfg = Debug|Any CPU
		{8A83F7B7-0C2B-4628-BEC6-2D58A05209A4}.Debug|Any CPU.Build.0 = Debug|Any CPU
		{8A83F7B7-0C2B-4628-BEC6-2D58A05209A4}.Debug|x64.ActiveCfg = Debug|Any CPU
		{8A83F7B7-0C2B-4628-BEC6-2D58A05209A4}.Debug|x64.Build.0 = Debug|Any CPU
		{8A83F7B7-0C2B-4628-BEC6-2D58A05209A4}.Debug|x86.ActiveCfg = Debug|Any CPU
		{8A83F7B7-0C2B-4628-BEC6-2D58A05209A4}.Debug|x86.Build.0 = Debug|Any CPU
		{8A83F7B7-0C2B-4628-BEC6-2D58A05209A4}.Release|Any CPU.ActiveCfg = Release|Any CPU
		{8A83F7B7-0C2B-4628-BEC6-2D58A05209A4}.Release|Any CPU.Build.0 = Release|Any CPU
		{8A83F7B7-0C2B-4628-BEC6-2D58A05209A4}.Release|x64.ActiveCfg = Release|Any CPU
		{8A83F7B7-0C2B-4628-BEC6-2D58A05209A4}.Release|x64.Build.0 = Release|Any CPU
		{8A83F7B7-0C2B-4628-BEC6-2D58A05209A4}.Release|x86.ActiveCfg = Release|Any CPU
		{8A83F7B7-0C2B-4628-BEC6-2D58A05209A4}.Release|x86.Build.0 = Release|Any CPU
		{7DDCB086-C853-493D-B264-793218F80E35}.Debug|Any CPU.ActiveCfg = Debug|Any CPU
		{7DDCB086-C853-493D-B264-793218F80E35}.Debug|Any CPU.Build.0 = Debug|Any CPU
		{7DDCB086-C853-493D-B264-793218F80E35}.Debug|x64.ActiveCfg = Debug|Any CPU
		{7DDCB086-C853-493D-B264-793218F80E35}.Debug|x64.Build.0 = Debug|Any CPU
		{7DDCB086-C853-493D-B264-793218F80E35}.Debug|x86.ActiveCfg = Debug|Any CPU
		{7DDCB086-C853-493D-B264-793218F80E35}.Debug|x86.Build.0 = Debug|Any CPU
		{7DDCB086-C853-493D-B264-793218F80E35}.Release|Any CPU.ActiveCfg = Release|Any CPU
		{7DDCB086-C853-493D-B264-793218F80E35}.Release|Any CPU.Build.0 = Release|Any CPU
		{7DDCB086-C853-493D-B264-793218F80E35}.Release|x64.ActiveCfg = Release|Any CPU
		{7DDCB086-C853-493D-B264-793218F80E35}.Release|x64.Build.0 = Release|Any CPU
		{7DDCB086-C853-493D-B264-793218F80E35}.Release|x86.ActiveCfg = Release|Any CPU
		{7DDCB086-C853-493D-B264-793218F80E35}.Release|x86.Build.0 = Release|Any CPU
		{D99FD8B6-D3FC-4E98-9601-A4DA6EC65926}.Debug|Any CPU.ActiveCfg = Debug|Any CPU
		{D99FD8B6-D3FC-4E98-9601-A4DA6EC65926}.Debug|Any CPU.Build.0 = Debug|Any CPU
		{D99FD8B6-D3FC-4E98-9601-A4DA6EC65926}.Debug|x64.ActiveCfg = Debug|Any CPU
		{D99FD8B6-D3FC-4E98-9601-A4DA6EC65926}.Debug|x64.Build.0 = Debug|Any CPU
		{D99FD8B6-D3FC-4E98-9601-A4DA6EC65926}.Debug|x86.ActiveCfg = Debug|Any CPU
		{D99FD8B6-D3FC-4E98-9601-A4DA6EC65926}.Debug|x86.Build.0 = Debug|Any CPU
		{D99FD8B6-D3FC-4E98-9601-A4DA6EC65926}.Release|Any CPU.ActiveCfg = Release|Any CPU
		{D99FD8B6-D3FC-4E98-9601-A4DA6EC65926}.Release|Any CPU.Build.0 = Release|Any CPU
		{D99FD8B6-D3FC-4E98-9601-A4DA6EC65926}.Release|x64.ActiveCfg = Release|Any CPU
		{D99FD8B6-D3FC-4E98-9601-A4DA6EC65926}.Release|x64.Build.0 = Release|Any CPU
		{D99FD8B6-D3FC-4E98-9601-A4DA6EC65926}.Release|x86.ActiveCfg = Release|Any CPU
		{D99FD8B6-D3FC-4E98-9601-A4DA6EC65926}.Release|x86.Build.0 = Release|Any CPU
		{01D04F22-4FCD-46D2-A3CE-651C1718CEC8}.Debug|Any CPU.ActiveCfg = Debug|Any CPU
		{01D04F22-4FCD-46D2-A3CE-651C1718CEC8}.Debug|Any CPU.Build.0 = Debug|Any CPU
		{01D04F22-4FCD-46D2-A3CE-651C1718CEC8}.Debug|x64.ActiveCfg = Debug|Any CPU
		{01D04F22-4FCD-46D2-A3CE-651C1718CEC8}.Debug|x64.Build.0 = Debug|Any CPU
		{01D04F22-4FCD-46D2-A3CE-651C1718CEC8}.Debug|x86.ActiveCfg = Debug|Any CPU
		{01D04F22-4FCD-46D2-A3CE-651C1718CEC8}.Debug|x86.Build.0 = Debug|Any CPU
		{01D04F22-4FCD-46D2-A3CE-651C1718CEC8}.Release|Any CPU.ActiveCfg = Release|Any CPU
		{01D04F22-4FCD-46D2-A3CE-651C1718CEC8}.Release|Any CPU.Build.0 = Release|Any CPU
		{01D04F22-4FCD-46D2-A3CE-651C1718CEC8}.Release|x64.ActiveCfg = Release|Any CPU
		{01D04F22-4FCD-46D2-A3CE-651C1718CEC8}.Release|x64.Build.0 = Release|Any CPU
		{01D04F22-4FCD-46D2-A3CE-651C1718CEC8}.Release|x86.ActiveCfg = Release|Any CPU
		{01D04F22-4FCD-46D2-A3CE-651C1718CEC8}.Release|x86.Build.0 = Release|Any CPU
		{D60A9574-4C37-4651-BED2-C9D1819399CA}.Debug|Any CPU.ActiveCfg = Debug|Any CPU
		{D60A9574-4C37-4651-BED2-C9D1819399CA}.Debug|Any CPU.Build.0 = Debug|Any CPU
		{D60A9574-4C37-4651-BED2-C9D1819399CA}.Debug|x64.ActiveCfg = Debug|Any CPU
		{D60A9574-4C37-4651-BED2-C9D1819399CA}.Debug|x64.Build.0 = Debug|Any CPU
		{D60A9574-4C37-4651-BED2-C9D1819399CA}.Debug|x86.ActiveCfg = Debug|Any CPU
		{D60A9574-4C37-4651-BED2-C9D1819399CA}.Debug|x86.Build.0 = Debug|Any CPU
		{D60A9574-4C37-4651-BED2-C9D1819399CA}.Release|Any CPU.ActiveCfg = Release|Any CPU
		{D60A9574-4C37-4651-BED2-C9D1819399CA}.Release|Any CPU.Build.0 = Release|Any CPU
		{D60A9574-4C37-4651-BED2-C9D1819399CA}.Release|x64.ActiveCfg = Release|Any CPU
		{D60A9574-4C37-4651-BED2-C9D1819399CA}.Release|x64.Build.0 = Release|Any CPU
		{D60A9574-4C37-4651-BED2-C9D1819399CA}.Release|x86.ActiveCfg = Release|Any CPU
		{D60A9574-4C37-4651-BED2-C9D1819399CA}.Release|x86.Build.0 = Release|Any CPU
		{4F3C79AD-F8E9-48A8-B35C-6767CB57E537}.Debug|Any CPU.ActiveCfg = Debug|Any CPU
		{4F3C79AD-F8E9-48A8-B35C-6767CB57E537}.Debug|Any CPU.Build.0 = Debug|Any CPU
		{4F3C79AD-F8E9-48A8-B35C-6767CB57E537}.Debug|x64.ActiveCfg = Debug|Any CPU
		{4F3C79AD-F8E9-48A8-B35C-6767CB57E537}.Debug|x64.Build.0 = Debug|Any CPU
		{4F3C79AD-F8E9-48A8-B35C-6767CB57E537}.Debug|x86.ActiveCfg = Debug|Any CPU
		{4F3C79AD-F8E9-48A8-B35C-6767CB57E537}.Debug|x86.Build.0 = Debug|Any CPU
		{4F3C79AD-F8E9-48A8-B35C-6767CB57E537}.Release|Any CPU.ActiveCfg = Release|Any CPU
		{4F3C79AD-F8E9-48A8-B35C-6767CB57E537}.Release|Any CPU.Build.0 = Release|Any CPU
		{4F3C79AD-F8E9-48A8-B35C-6767CB57E537}.Release|x64.ActiveCfg = Release|Any CPU
		{4F3C79AD-F8E9-48A8-B35C-6767CB57E537}.Release|x64.Build.0 = Release|Any CPU
		{4F3C79AD-F8E9-48A8-B35C-6767CB57E537}.Release|x86.ActiveCfg = Release|Any CPU
		{4F3C79AD-F8E9-48A8-B35C-6767CB57E537}.Release|x86.Build.0 = Release|Any CPU
		{04096BD6-CC2C-4DBF-81AE-A9D68FB16ABB}.Debug|Any CPU.ActiveCfg = Debug|Any CPU
		{04096BD6-CC2C-4DBF-81AE-A9D68FB16ABB}.Debug|Any CPU.Build.0 = Debug|Any CPU
		{04096BD6-CC2C-4DBF-81AE-A9D68FB16ABB}.Debug|x64.ActiveCfg = Debug|Any CPU
		{04096BD6-CC2C-4DBF-81AE-A9D68FB16ABB}.Debug|x64.Build.0 = Debug|Any CPU
		{04096BD6-CC2C-4DBF-81AE-A9D68FB16ABB}.Debug|x86.ActiveCfg = Debug|Any CPU
		{04096BD6-CC2C-4DBF-81AE-A9D68FB16ABB}.Debug|x86.Build.0 = Debug|Any CPU
		{04096BD6-CC2C-4DBF-81AE-A9D68FB16ABB}.Release|Any CPU.ActiveCfg = Release|Any CPU
		{04096BD6-CC2C-4DBF-81AE-A9D68FB16ABB}.Release|Any CPU.Build.0 = Release|Any CPU
		{04096BD6-CC2C-4DBF-81AE-A9D68FB16ABB}.Release|x64.ActiveCfg = Release|Any CPU
		{04096BD6-CC2C-4DBF-81AE-A9D68FB16ABB}.Release|x64.Build.0 = Release|Any CPU
		{04096BD6-CC2C-4DBF-81AE-A9D68FB16ABB}.Release|x86.ActiveCfg = Release|Any CPU
		{04096BD6-CC2C-4DBF-81AE-A9D68FB16ABB}.Release|x86.Build.0 = Release|Any CPU
		{0BD67327-1F09-45A2-B523-AF6941A82DC3}.Debug|Any CPU.ActiveCfg = Debug|Any CPU
		{0BD67327-1F09-45A2-B523-AF6941A82DC3}.Debug|Any CPU.Build.0 = Debug|Any CPU
		{0BD67327-1F09-45A2-B523-AF6941A82DC3}.Debug|x64.ActiveCfg = Debug|Any CPU
		{0BD67327-1F09-45A2-B523-AF6941A82DC3}.Debug|x64.Build.0 = Debug|Any CPU
		{0BD67327-1F09-45A2-B523-AF6941A82DC3}.Debug|x86.ActiveCfg = Debug|Any CPU
		{0BD67327-1F09-45A2-B523-AF6941A82DC3}.Debug|x86.Build.0 = Debug|Any CPU
		{0BD67327-1F09-45A2-B523-AF6941A82DC3}.Release|Any CPU.ActiveCfg = Release|Any CPU
		{0BD67327-1F09-45A2-B523-AF6941A82DC3}.Release|Any CPU.Build.0 = Release|Any CPU
		{0BD67327-1F09-45A2-B523-AF6941A82DC3}.Release|x64.ActiveCfg = Release|Any CPU
		{0BD67327-1F09-45A2-B523-AF6941A82DC3}.Release|x64.Build.0 = Release|Any CPU
		{0BD67327-1F09-45A2-B523-AF6941A82DC3}.Release|x86.ActiveCfg = Release|Any CPU
		{0BD67327-1F09-45A2-B523-AF6941A82DC3}.Release|x86.Build.0 = Release|Any CPU
		{23E8E757-F4A2-4720-A740-EF536960A158}.Debug|Any CPU.ActiveCfg = Debug|Any CPU
		{23E8E757-F4A2-4720-A740-EF536960A158}.Debug|Any CPU.Build.0 = Debug|Any CPU
		{23E8E757-F4A2-4720-A740-EF536960A158}.Debug|x64.ActiveCfg = Debug|Any CPU
		{23E8E757-F4A2-4720-A740-EF536960A158}.Debug|x64.Build.0 = Debug|Any CPU
		{23E8E757-F4A2-4720-A740-EF536960A158}.Debug|x86.ActiveCfg = Debug|Any CPU
		{23E8E757-F4A2-4720-A740-EF536960A158}.Debug|x86.Build.0 = Debug|Any CPU
		{23E8E757-F4A2-4720-A740-EF536960A158}.Release|Any CPU.ActiveCfg = Release|Any CPU
		{23E8E757-F4A2-4720-A740-EF536960A158}.Release|Any CPU.Build.0 = Release|Any CPU
		{23E8E757-F4A2-4720-A740-EF536960A158}.Release|x64.ActiveCfg = Release|Any CPU
		{23E8E757-F4A2-4720-A740-EF536960A158}.Release|x64.Build.0 = Release|Any CPU
		{23E8E757-F4A2-4720-A740-EF536960A158}.Release|x86.ActiveCfg = Release|Any CPU
		{23E8E757-F4A2-4720-A740-EF536960A158}.Release|x86.Build.0 = Release|Any CPU
		{B794A534-E8AB-4702-AB07-134E0B288E2D}.Debug|Any CPU.ActiveCfg = Debug|Any CPU
		{B794A534-E8AB-4702-AB07-134E0B288E2D}.Debug|Any CPU.Build.0 = Debug|Any CPU
		{B794A534-E8AB-4702-AB07-134E0B288E2D}.Debug|x64.ActiveCfg = Debug|Any CPU
		{B794A534-E8AB-4702-AB07-134E0B288E2D}.Debug|x64.Build.0 = Debug|Any CPU
		{B794A534-E8AB-4702-AB07-134E0B288E2D}.Debug|x86.ActiveCfg = Debug|Any CPU
		{B794A534-E8AB-4702-AB07-134E0B288E2D}.Debug|x86.Build.0 = Debug|Any CPU
		{B794A534-E8AB-4702-AB07-134E0B288E2D}.Release|Any CPU.ActiveCfg = Release|Any CPU
		{B794A534-E8AB-4702-AB07-134E0B288E2D}.Release|Any CPU.Build.0 = Release|Any CPU
		{B794A534-E8AB-4702-AB07-134E0B288E2D}.Release|x64.ActiveCfg = Release|Any CPU
		{B794A534-E8AB-4702-AB07-134E0B288E2D}.Release|x64.Build.0 = Release|Any CPU
		{B794A534-E8AB-4702-AB07-134E0B288E2D}.Release|x86.ActiveCfg = Release|Any CPU
		{B794A534-E8AB-4702-AB07-134E0B288E2D}.Release|x86.Build.0 = Release|Any CPU
		{0A4D1125-7E9A-46DC-9EE8-D1B1A90ED1EC}.Debug|Any CPU.ActiveCfg = Debug|Any CPU
		{0A4D1125-7E9A-46DC-9EE8-D1B1A90ED1EC}.Debug|Any CPU.Build.0 = Debug|Any CPU
		{0A4D1125-7E9A-46DC-9EE8-D1B1A90ED1EC}.Debug|x64.ActiveCfg = Debug|Any CPU
		{0A4D1125-7E9A-46DC-9EE8-D1B1A90ED1EC}.Debug|x64.Build.0 = Debug|Any CPU
		{0A4D1125-7E9A-46DC-9EE8-D1B1A90ED1EC}.Debug|x86.ActiveCfg = Debug|Any CPU
		{0A4D1125-7E9A-46DC-9EE8-D1B1A90ED1EC}.Debug|x86.Build.0 = Debug|Any CPU
		{0A4D1125-7E9A-46DC-9EE8-D1B1A90ED1EC}.Release|Any CPU.ActiveCfg = Release|Any CPU
		{0A4D1125-7E9A-46DC-9EE8-D1B1A90ED1EC}.Release|Any CPU.Build.0 = Release|Any CPU
		{0A4D1125-7E9A-46DC-9EE8-D1B1A90ED1EC}.Release|x64.ActiveCfg = Release|Any CPU
		{0A4D1125-7E9A-46DC-9EE8-D1B1A90ED1EC}.Release|x64.Build.0 = Release|Any CPU
		{0A4D1125-7E9A-46DC-9EE8-D1B1A90ED1EC}.Release|x86.ActiveCfg = Release|Any CPU
		{0A4D1125-7E9A-46DC-9EE8-D1B1A90ED1EC}.Release|x86.Build.0 = Release|Any CPU
	EndGlobalSection
	GlobalSection(SolutionProperties) = preSolution
		HideSolutionNode = FALSE
	EndGlobalSection
	GlobalSection(NestedProjects) = preSolution
		{B794A534-E8AB-4702-AB07-134E0B288E2D} = {0AB3BF05-4346-4AA6-1389-037BE0695223}
		{0A4D1125-7E9A-46DC-9EE8-D1B1A90ED1EC} = {0AB3BF05-4346-4AA6-1389-037BE0695223}
	EndGlobalSection
EndGlobal
