
Microsoft Visual Studio Solution File, Format Version 12.00
# Visual Studio Version 17
VisualStudioVersion = 17.0.31903.59
MinimumVisualStudioVersion = 10.0.40219.1
Project("{FAE04EC0-301F-11D3-BF4B-00C04F79EFBC}") = "MLoop.Tests", "..\tests\MLoop.Tests\MLoop.Tests.csproj", "{CFB5D9F0-558B-40FF-82A1-9A6C0D1825C1}"
EndProject
Project("{FAE04EC0-301F-11D3-BF4B-00C04F79EFBC}") = "MLoop.Core", "MLoop.Core\MLoop.Core.csproj", "{55FA5AA2-4D4B-4608-83E0-E84D976FEDF0}"
EndProject
Project("{FAE04EC0-301F-11D3-BF4B-00C04F79EFBC}") = "MLoop.CLI", "MLoop.CLI\MLoop.CLI.csproj", "{E027685D-3991-481E-9CD4-FCBD0E5BA638}"
EndProject
Global
	GlobalSection(SolutionConfigurationPlatforms) = preSolution
		Debug|Any CPU = Debug|Any CPU
		Debug|x64 = Debug|x64
		Debug|x86 = Debug|x86
		Release|Any CPU = Release|Any CPU
		Release|x64 = Release|x64
		Release|x86 = Release|x86
	EndGlobalSection
	GlobalSection(ProjectConfigurationPlatforms) = postSolution
		{CFB5D9F0-558B-40FF-82A1-9A6C0D1825C1}.Debug|Any CPU.ActiveCfg = Debug|Any CPU
		{CFB5D9F0-558B-40FF-82A1-9A6C0D1825C1}.Debug|Any CPU.Build.0 = Debug|Any CPU
		{CFB5D9F0-558B-40FF-82A1-9A6C0D1825C1}.Debug|x64.ActiveCfg = Debug|Any CPU
		{CFB5D9F0-558B-40FF-82A1-9A6C0D1825C1}.Debug|x64.Build.0 = Debug|Any CPU
		{CFB5D9F0-558B-40FF-82A1-9A6C0D1825C1}.Debug|x86.ActiveCfg = Debug|Any CPU
		{CFB5D9F0-558B-40FF-82A1-9A6C0D1825C1}.Debug|x86.Build.0 = Debug|Any CPU
		{CFB5D9F0-558B-40FF-82A1-9A6C0D1825C1}.Release|Any CPU.ActiveCfg = Release|Any CPU
		{CFB5D9F0-558B-40FF-82A1-9A6C0D1825C1}.Release|Any CPU.Build.0 = Release|Any CPU
		{CFB5D9F0-558B-40FF-82A1-9A6C0D1825C1}.Release|x64.ActiveCfg = Release|Any CPU
		{CFB5D9F0-558B-40FF-82A1-9A6C0D1825C1}.Release|x64.Build.0 = Release|Any CPU
		{CFB5D9F0-558B-40FF-82A1-9A6C0D1825C1}.Release|x86.ActiveCfg = Release|Any CPU
		{CFB5D9F0-558B-40FF-82A1-9A6C0D1825C1}.Release|x86.Build.0 = Release|Any CPU
		{55FA5AA2-4D4B-4608-83E0-E84D976FEDF0}.Debug|Any CPU.ActiveCfg = Debug|Any CPU
		{55FA5AA2-4D4B-4608-83E0-E84D976FEDF0}.Debug|Any CPU.Build.0 = Debug|Any CPU
		{55FA5AA2-4D4B-4608-83E0-E84D976FEDF0}.Debug|x64.ActiveCfg = Debug|Any CPU
		{55FA5AA2-4D4B-4608-83E0-E84D976FEDF0}.Debug|x64.Build.0 = Debug|Any CPU
		{55FA5AA2-4D4B-4608-83E0-E84D976FEDF0}.Debug|x86.ActiveCfg = Debug|Any CPU
		{55FA5AA2-4D4B-4608-83E0-E84D976FEDF0}.Debug|x86.Build.0 = Debug|Any CPU
		{55FA5AA2-4D4B-4608-83E0-E84D976FEDF0}.Release|Any CPU.ActiveCfg = Release|Any CPU
		{55FA5AA2-4D4B-4608-83E0-E84D976FEDF0}.Release|Any CPU.Build.0 = Release|Any CPU
		{55FA5AA2-4D4B-4608-83E0-E84D976FEDF0}.Release|x64.ActiveCfg = Release|Any CPU
		{55FA5AA2-4D4B-4608-83E0-E84D976FEDF0}.Release|x64.Build.0 = Release|Any CPU
		{55FA5AA2-4D4B-4608-83E0-E84D976FEDF0}.Release|x86.ActiveCfg = Release|Any CPU
		{55FA5AA2-4D4B-4608-83E0-E84D976FEDF0}.Release|x86.Build.0 = Release|Any CPU
		{E027685D-3991-481E-9CD4-FCBD0E5BA638}.Debug|Any CPU.ActiveCfg = Debug|Any CPU
		{E027685D-3991-481E-9CD4-FCBD0E5BA638}.Debug|Any CPU.Build.0 = Debug|Any CPU
		{E027685D-3991-481E-9CD4-FCBD0E5BA638}.Debug|x64.ActiveCfg = Debug|Any CPU
		{E027685D-3991-481E-9CD4-FCBD0E5BA638}.Debug|x64.Build.0 = Debug|Any CPU
		{E027685D-3991-481E-9CD4-FCBD0E5BA638}.Debug|x86.ActiveCfg = Debug|Any CPU
		{E027685D-3991-481E-9CD4-FCBD0E5BA638}.Debug|x86.Build.0 = Debug|Any CPU
		{E027685D-3991-481E-9CD4-FCBD0E5BA638}.Release|Any CPU.ActiveCfg = Release|Any CPU
		{E027685D-3991-481E-9CD4-FCBD0E5BA638}.Release|Any CPU.Build.0 = Release|Any CPU
		{E027685D-3991-481E-9CD4-FCBD0E5BA638}.Release|x64.ActiveCfg = Release|Any CPU
		{E027685D-3991-481E-9CD4-FCBD0E5BA638}.Release|x64.Build.0 = Release|Any CPU
		{E027685D-3991-481E-9CD4-FCBD0E5BA638}.Release|x86.ActiveCfg = Release|Any CPU
		{E027685D-3991-481E-9CD4-FCBD0E5BA638}.Release|x86.Build.0 = Release|Any CPU
	EndGlobalSection
	GlobalSection(SolutionProperties) = preSolution
		HideSolutionNode = FALSE
	EndGlobalSection
	GlobalSection(ExtensibilityGlobals) = postSolution
		SolutionGuid = {492472EB-EBD6-46A0-9035-0BFCF4D10BAA}
	EndGlobalSection
EndGlobal
